
Microsoft Visual Studio Solution File, Format Version 12.00
# Visual Studio Version 16
VisualStudioVersion = 16.0.31313.79
MinimumVisualStudioVersion = 10.0.40219.1
Project("{FAE04EC0-301F-11D3-BF4B-00C04F79EFBC}") = "RestaurantCoreWebAPI.Server", "RestaurantCoreWebAPI.Server\RestaurantCoreWebAPI.Server.csproj", "{1D5CA786-C592-4A44-8BFD-486C0B485E27}"
EndProject
Global
	GlobalSection(SolutionConfigurationPlatforms) = preSolution
		Debug|Any CPU = Debug|Any CPU
		Release|Any CPU = Release|Any CPU
	EndGlobalSection
	GlobalSection(ProjectConfigurationPlatforms) = postSolution
		{1D5CA786-C592-4A44-8BFD-486C0B485E27}.Debug|Any CPU.ActiveCfg = Debug|Any CPU
		{1D5CA786-C592-4A44-8BFD-486C0B485E27}.Debug|Any CPU.Build.0 = Debug|Any CPU
		{1D5CA786-C592-4A44-8BFD-486C0B485E27}.Release|Any CPU.ActiveCfg = Release|Any CPU
		{1D5CA786-C592-4A44-8BFD-486C0B485E27}.Release|Any CPU.Build.0 = Release|Any CPU
	EndGlobalSection
	GlobalSection(SolutionProperties) = preSolution
		HideSolutionNode = FALSE
	EndGlobalSection
	GlobalSection(ExtensibilityGlobals) = postSolution
		SolutionGuid = {49CEA3BD-B708-45D9-A8A1-D191F9883424}
	EndGlobalSection
EndGlobal
